
Microsoft Visual Studio Solution File, Format Version 12.00
# Visual Studio Version 16
VisualStudioVersion = 16.0.29920.165
MinimumVisualStudioVersion = 10.0.40219.1
Project("{FAE04EC0-301F-11D3-BF4B-00C04F79EFBC}") = "rodrigo_alves_coelho_DR2_TP3rodrigo_alves_coelho_DR2_TP3", "rodrigo_alves_coelho_DR2_TP3rodrigo_alves_coelho_DR2_TP3.csproj", "{1E23009A-6E5F-445E-939F-8286F16B937C}"
EndProject
Global
	GlobalSection(SolutionConfigurationPlatforms) = preSolution
		Debug|Any CPU = Debug|Any CPU
		Release|Any CPU = Release|Any CPU
	EndGlobalSection
	GlobalSection(ProjectConfigurationPlatforms) = postSolution
		{1E23009A-6E5F-445E-939F-8286F16B937C}.Debug|Any CPU.ActiveCfg = Debug|Any CPU
		{1E23009A-6E5F-445E-939F-8286F16B937C}.Debug|Any CPU.Build.0 = Debug|Any CPU
		{1E23009A-6E5F-445E-939F-8286F16B937C}.Release|Any CPU.ActiveCfg = Release|Any CPU
		{1E23009A-6E5F-445E-939F-8286F16B937C}.Release|Any CPU.Build.0 = Release|Any CPU
	EndGlobalSection
	GlobalSection(SolutionProperties) = preSolution
		HideSolutionNode = FALSE
	EndGlobalSection
	GlobalSection(ExtensibilityGlobals) = postSolution
		SolutionGuid = {A8AE7B5F-AC34-4EEF-A128-2C7864AB9D68}
	EndGlobalSection
EndGlobal
